# This file is automatically @generated by Cargo.
# It is not intended for manual editing.
version = 3

[[package]]
name = "bicdb-asset"
version = "0.0.0"

[[package]]
name = "bicdb-catalog"
version = "0.0.0"

[[package]]
name = "bicdb-common"
version = "0.0.0"

[[package]]
name = "bicdb-daemon"
version = "0.0.0"
dependencies = [
 "bicdb-common",
 "bicdb-storage",
 "bicdb-workspace",
]

[[package]]
name = "bicdb-exec"
version = "0.0.0"
dependencies = [
 "bicdb-common",
 "bicdb-index",
 "bicdb-storage",
 "bicdb-txn",
 "bicdb-types",
 "bicdb-wal",
 "bicdb-workspace",
]

[[package]]
name = "bicdb-graph"
version = "0.0.0"

[[package]]
name = "bicdb-index"
version = "0.0.0"
dependencies = [
 "bicdb-common",
 "bicdb-storage",
 "bicdb-workspace",
]

[[package]]
name = "bicdb-memory"
version = "0.0.0"

[[package]]
name = "bicdb-net"
version = "0.0.0"

[[package]]
name = "bicdb-retrieval"
version = "0.0.0"

[[package]]
name = "bicdb-sql"
version = "0.0.0"

[[package]]
name = "bicdb-storage"
version = "0.0.0"
dependencies = [
 "bicdb-common",
 "bicdb-workspace",
]

[[package]]
name = "bicdb-tools"
version = "0.0.0"
dependencies = [
 "bicdb-storage",
]

[[package]]
name = "bicdb-txn"
version = "0.0.0"
dependencies = [
 "bicdb-common",
 "bicdb-storage",
 "bicdb-wal",
 "bicdb-workspace",
]

[[package]]
name = "bicdb-types"
version = "0.0.0"

[[package]]
name = "bicdb-wal"
version = "0.0.0"
dependencies = [
 "bicdb-common",
 "bicdb-storage",
 "bicdb-workspace",
]

[[package]]
name = "bicdb-workspace"
version = "0.0.0"
