# This file is automatically @generated by Cargo.
# It is not intended for manual editing.
version = 3

[[package]]
name = "bicdb-access"
version = "0.2.0"
dependencies = [
 "bicdb-common",
 "bicdb-index",
 "bicdb-storage",
 "bicdb-txn",
 "bicdb-types",
 "bicdb-wal",
 "bicdb-workspace",
]

[[package]]
name = "bicdb-asset"
version = "0.2.0"

[[package]]
name = "bicdb-catalog"
version = "0.2.0"
dependencies = [
 "bicdb-access",
 "bicdb-common",
 "bicdb-index",
 "bicdb-storage",
 "bicdb-txn",
 "bicdb-types",
 "bicdb-wal",
 "bicdb-workspace",
]

[[package]]
name = "bicdb-cli"
version = "0.2.0"
dependencies = [
 "bicdb-catalog",
 "bicdb-common",
 "bicdb-exec",
 "bicdb-index",
 "bicdb-net",
 "bicdb-sql",
 "bicdb-storage",
 "bicdb-txn",
 "bicdb-types",
 "bicdb-wal",
 "bicdb-workspace",
]

[[package]]
name = "bicdb-client"
version = "0.2.0"
dependencies = [
 "bicdb-net",
]

[[package]]
name = "bicdb-common"
version = "0.2.0"

[[package]]
name = "bicdb-daemon"
version = "0.2.0"
dependencies = [
 "bicdb-common",
 "bicdb-storage",
 "bicdb-workspace",
]

[[package]]
name = "bicdb-exec"
version = "0.2.0"
dependencies = [
 "bicdb-access",
 "bicdb-common",
 "bicdb-index",
 "bicdb-storage",
 "bicdb-txn",
 "bicdb-types",
 "bicdb-wal",
 "bicdb-workspace",
]

[[package]]
name = "bicdb-graph"
version = "0.2.0"

[[package]]
name = "bicdb-index"
version = "0.2.0"
dependencies = [
 "bicdb-common",
 "bicdb-storage",
 "bicdb-workspace",
]

[[package]]
name = "bicdb-memory"
version = "0.2.0"

[[package]]
name = "bicdb-net"
version = "0.2.0"

[[package]]
name = "bicdb-retrieval"
version = "0.2.0"

[[package]]
name = "bicdb-sql"
version = "0.2.0"
dependencies = [
 "bicdb-access",
 "bicdb-catalog",
 "bicdb-common",
 "bicdb-exec",
 "bicdb-index",
 "bicdb-storage",
 "bicdb-txn",
 "bicdb-types",
 "bicdb-wal",
 "bicdb-workspace",
]

[[package]]
name = "bicdb-sqlplus"
version = "0.2.0"
dependencies = [
 "bicdb-catalog",
 "bicdb-cli",
 "bicdb-common",
 "bicdb-exec",
 "bicdb-net",
 "bicdb-sql",
 "bicdb-workspace",
]

[[package]]
name = "bicdb-storage"
version = "0.2.0"
dependencies = [
 "bicdb-common",
 "bicdb-workspace",
]

[[package]]
name = "bicdb-tools"
version = "0.2.0"
dependencies = [
 "bicdb-storage",
]

[[package]]
name = "bicdb-txn"
version = "0.2.0"
dependencies = [
 "bicdb-common",
 "bicdb-index",
 "bicdb-storage",
 "bicdb-types",
 "bicdb-wal",
 "bicdb-workspace",
]

[[package]]
name = "bicdb-types"
version = "0.2.0"

[[package]]
name = "bicdb-wal"
version = "0.2.0"
dependencies = [
 "bicdb-common",
 "bicdb-storage",
 "bicdb-workspace",
]

[[package]]
name = "bicdb-workspace"
version = "0.2.0"
dependencies = [
 "bicdb-common",
]
